
Microsoft Visual Studio Solution File, Format Version 12.00
# Visual Studio Version 17
VisualStudioVersion = 17.7.34031.279
MinimumVisualStudioVersion = 10.0.40219.1
Project("{8BC9CEB8-8B4A-11D0-8D11-00A0C91BC942}") = "PEP2d", "PEP2d\PEP2d.vcxproj", "{5E1E9E0A-A040-4D1E-9986-B6746582C57D}"
EndProject
Project("{8BC9CEB8-8B4A-11D0-8D11-00A0C91BC942}") = "PEP3d", "PEP3d\PEP3d.vcxproj", "{01B41630-4D68-415F-ACB0-EC051E7F9D9A}"
EndProject
Project("{8BC9CEB8-8B4A-11D0-8D11-00A0C91BC942}") = "PEP_v2", "PEP_v2\PEP_v2.vcxproj", "{4EFF97B6-8D15-4B6C-819A-5733A9BF803A}"
EndProject
Project("{8BC9CEB8-8B4A-11D0-8D11-00A0C91BC942}") = "NRQS", "NRQS\NRQS.vcxproj", "{30F388E9-B03E-4F9E-8B5A-CD9568A4FA46}"
EndProject
Project("{8BC9CEB8-8B4A-11D0-8D11-00A0C91BC942}") = "AsymQS", "AsymQS\AsymQS.vcxproj", "{DD3B704A-4BB5-4E72-9FBF-2AD839CFE458}"
EndProject
Project("{8BC9CEB8-8B4A-11D0-8D11-00A0C91BC942}") = "LatABP", "LatABP\LatABP.vcxproj", "{17B08C83-FCCE-4421-A5CB-4A4860C3F447}"
EndProject
Project("{8BC9CEB8-8B4A-11D0-8D11-00A0C91BC942}") = "LatQS", "LatQS\LatQS.vcxproj", "{AF92DC26-0E0B-47AF-A8C4-B2BD70641B3F}"
EndProject
Project("{8BC9CEB8-8B4A-11D0-8D11-00A0C91BC942}") = "AIM", "AIM\AIM.vcxproj", "{44210C33-D642-47F3-9C17-E9ACD78B4238}"
EndProject
Project("{8BC9CEB8-8B4A-11D0-8D11-00A0C91BC942}") = "ACMq4", "ACMq4\ACMq4.vcxproj", "{F5765AA4-6778-4A34-B654-7FB413F56645}"
EndProject
Global
	GlobalSection(SolutionConfigurationPlatforms) = preSolution
		Debug|x64 = Debug|x64
		Debug|x86 = Debug|x86
		Release|x64 = Release|x64
		Release|x86 = Release|x86
	EndGlobalSection
	GlobalSection(ProjectConfigurationPlatforms) = postSolution
		{5E1E9E0A-A040-4D1E-9986-B6746582C57D}.Debug|x64.ActiveCfg = Debug|x64
		{5E1E9E0A-A040-4D1E-9986-B6746582C57D}.Debug|x64.Build.0 = Debug|x64
		{5E1E9E0A-A040-4D1E-9986-B6746582C57D}.Debug|x86.ActiveCfg = Debug|Win32
		{5E1E9E0A-A040-4D1E-9986-B6746582C57D}.Debug|x86.Build.0 = Debug|Win32
		{5E1E9E0A-A040-4D1E-9986-B6746582C57D}.Release|x64.ActiveCfg = Release|x64
		{5E1E9E0A-A040-4D1E-9986-B6746582C57D}.Release|x64.Build.0 = Release|x64
		{5E1E9E0A-A040-4D1E-9986-B6746582C57D}.Release|x86.ActiveCfg = Release|Win32
		{5E1E9E0A-A040-4D1E-9986-B6746582C57D}.Release|x86.Build.0 = Release|Win32
		{01B41630-4D68-415F-ACB0-EC051E7F9D9A}.Debug|x64.ActiveCfg = Debug|x64
		{01B41630-4D68-415F-ACB0-EC051E7F9D9A}.Debug|x64.Build.0 = Debug|x64
		{01B41630-4D68-415F-ACB0-EC051E7F9D9A}.Debug|x86.ActiveCfg = Debug|Win32
		{01B41630-4D68-415F-ACB0-EC051E7F9D9A}.Debug|x86.Build.0 = Debug|Win32
		{01B41630-4D68-415F-ACB0-EC051E7F9D9A}.Release|x64.ActiveCfg = Release|x64
		{01B41630-4D68-415F-ACB0-EC051E7F9D9A}.Release|x64.Build.0 = Release|x64
		{01B41630-4D68-415F-ACB0-EC051E7F9D9A}.Release|x86.ActiveCfg = Release|Win32
		{01B41630-4D68-415F-ACB0-EC051E7F9D9A}.Release|x86.Build.0 = Release|Win32
		{4EFF97B6-8D15-4B6C-819A-5733A9BF803A}.Debug|x64.ActiveCfg = Debug|x64
		{4EFF97B6-8D15-4B6C-819A-5733A9BF803A}.Debug|x64.Build.0 = Debug|x64
		{4EFF97B6-8D15-4B6C-819A-5733A9BF803A}.Debug|x86.ActiveCfg = Debug|Win32
		{4EFF97B6-8D15-4B6C-819A-5733A9BF803A}.Debug|x86.Build.0 = Debug|Win32
		{4EFF97B6-8D15-4B6C-819A-5733A9BF803A}.Release|x64.ActiveCfg = Release|x64
		{4EFF97B6-8D15-4B6C-819A-5733A9BF803A}.Release|x64.Build.0 = Release|x64
		{4EFF97B6-8D15-4B6C-819A-5733A9BF803A}.Release|x86.ActiveCfg = Release|Win32
		{4EFF97B6-8D15-4B6C-819A-5733A9BF803A}.Release|x86.Build.0 = Release|Win32
		{30F388E9-B03E-4F9E-8B5A-CD9568A4FA46}.Debug|x64.ActiveCfg = Debug|x64
		{30F388E9-B03E-4F9E-8B5A-CD9568A4FA46}.Debug|x64.Build.0 = Debug|x64
		{30F388E9-B03E-4F9E-8B5A-CD9568A4FA46}.Debug|x86.ActiveCfg = Debug|Win32
		{30F388E9-B03E-4F9E-8B5A-CD9568A4FA46}.Debug|x86.Build.0 = Debug|Win32
		{30F388E9-B03E-4F9E-8B5A-CD9568A4FA46}.Release|x64.ActiveCfg = Release|x64
		{30F388E9-B03E-4F9E-8B5A-CD9568A4FA46}.Release|x64.Build.0 = Release|x64
		{30F388E9-B03E-4F9E-8B5A-CD9568A4FA46}.Release|x86.ActiveCfg = Release|Win32
		{30F388E9-B03E-4F9E-8B5A-CD9568A4FA46}.Release|x86.Build.0 = Release|Win32
		{DD3B704A-4BB5-4E72-9FBF-2AD839CFE458}.Debug|x64.ActiveCfg = Debug|x64
		{DD3B704A-4BB5-4E72-9FBF-2AD839CFE458}.Debug|x64.Build.0 = Debug|x64
		{DD3B704A-4BB5-4E72-9FBF-2AD839CFE458}.Debug|x86.ActiveCfg = Debug|Win32
		{DD3B704A-4BB5-4E72-9FBF-2AD839CFE458}.Debug|x86.Build.0 = Debug|Win32
		{DD3B704A-4BB5-4E72-9FBF-2AD839CFE458}.Release|x64.ActiveCfg = Release|x64
		{DD3B704A-4BB5-4E72-9FBF-2AD839CFE458}.Release|x64.Build.0 = Release|x64
		{DD3B704A-4BB5-4E72-9FBF-2AD839CFE458}.Release|x86.ActiveCfg = Release|Win32
		{DD3B704A-4BB5-4E72-9FBF-2AD839CFE458}.Release|x86.Build.0 = Release|Win32
		{17B08C83-FCCE-4421-A5CB-4A4860C3F447}.Debug|x64.ActiveCfg = Debug|x64
		{17B08C83-FCCE-4421-A5CB-4A4860C3F447}.Debug|x64.Build.0 = Debug|x64
		{17B08C83-FCCE-4421-A5CB-4A4860C3F447}.Debug|x86.ActiveCfg = Debug|Win32
		{17B08C83-FCCE-4421-A5CB-4A4860C3F447}.Debug|x86.Build.0 = Debug|Win32
		{17B08C83-FCCE-4421-A5CB-4A4860C3F447}.Release|x64.ActiveCfg = Release|x64
		{17B08C83-FCCE-4421-A5CB-4A4860C3F447}.Release|x64.Build.0 = Release|x64
		{17B08C83-FCCE-4421-A5CB-4A4860C3F447}.Release|x86.ActiveCfg = Release|Win32
		{17B08C83-FCCE-4421-A5CB-4A4860C3F447}.Release|x86.Build.0 = Release|Win32
		{AF92DC26-0E0B-47AF-A8C4-B2BD70641B3F}.Debug|x64.ActiveCfg = Debug|x64
		{AF92DC26-0E0B-47AF-A8C4-B2BD70641B3F}.Debug|x64.Build.0 = Debug|x64
		{AF92DC26-0E0B-47AF-A8C4-B2BD70641B3F}.Debug|x86.ActiveCfg = Debug|Win32
		{AF92DC26-0E0B-47AF-A8C4-B2BD70641B3F}.Debug|x86.Build.0 = Debug|Win32
		{AF92DC26-0E0B-47AF-A8C4-B2BD70641B3F}.Release|x64.ActiveCfg = Release|x64
		{AF92DC26-0E0B-47AF-A8C4-B2BD70641B3F}.Release|x64.Build.0 = Release|x64
		{AF92DC26-0E0B-47AF-A8C4-B2BD70641B3F}.Release|x86.ActiveCfg = Release|Win32
		{AF92DC26-0E0B-47AF-A8C4-B2BD70641B3F}.Release|x86.Build.0 = Release|Win32
		{44210C33-D642-47F3-9C17-E9ACD78B4238}.Debug|x64.ActiveCfg = Debug|x64
		{44210C33-D642-47F3-9C17-E9ACD78B4238}.Debug|x64.Build.0 = Debug|x64
		{44210C33-D642-47F3-9C17-E9ACD78B4238}.Debug|x86.ActiveCfg = Debug|Win32
		{44210C33-D642-47F3-9C17-E9ACD78B4238}.Debug|x86.Build.0 = Debug|Win32
		{44210C33-D642-47F3-9C17-E9ACD78B4238}.Release|x64.ActiveCfg = Release|x64
		{44210C33-D642-47F3-9C17-E9ACD78B4238}.Release|x64.Build.0 = Release|x64
		{44210C33-D642-47F3-9C17-E9ACD78B4238}.Release|x86.ActiveCfg = Release|Win32
		{44210C33-D642-47F3-9C17-E9ACD78B4238}.Release|x86.Build.0 = Release|Win32
		{F5765AA4-6778-4A34-B654-7FB413F56645}.Debug|x64.ActiveCfg = Debug|x64
		{F5765AA4-6778-4A34-B654-7FB413F56645}.Debug|x64.Build.0 = Debug|x64
		{F5765AA4-6778-4A34-B654-7FB413F56645}.Debug|x86.ActiveCfg = Debug|Win32
		{F5765AA4-6778-4A34-B654-7FB413F56645}.Debug|x86.Build.0 = Debug|Win32
		{F5765AA4-6778-4A34-B654-7FB413F56645}.Release|x64.ActiveCfg = Release|x64
		{F5765AA4-6778-4A34-B654-7FB413F56645}.Release|x64.Build.0 = Release|x64
		{F5765AA4-6778-4A34-B654-7FB413F56645}.Release|x86.ActiveCfg = Release|Win32
		{F5765AA4-6778-4A34-B654-7FB413F56645}.Release|x86.Build.0 = Release|Win32
	EndGlobalSection
	GlobalSection(SolutionProperties) = preSolution
		HideSolutionNode = FALSE
	EndGlobalSection
	GlobalSection(ExtensibilityGlobals) = postSolution
		SolutionGuid = {E85150BA-13D0-4841-AF5B-9BE539D5D7C4}
	EndGlobalSection
EndGlobal
